
Microsoft Visual Studio Solution File, Format Version 12.00
# Visual Studio Version 16
VisualStudioVersion = 16.0.29806.167
MinimumVisualStudioVersion = 10.0.40219.1
Project("{9A19103F-16F7-4668-BE54-9A1E7A4F7556}") = "FoodFilesSoftwareAssignment", "FoodFilesSoftwareAssignment\FoodFilesSoftwareAssignment.csproj", "{475ECD6E-D4EF-4559-B5EB-A7DCC77A4131}"
EndProject
Project("{00D1A9C2-B5F0-4AF3-8072-F6C62B433612}") = "DBFoodFiles", "DBFoodFiles\DBFoodFiles.sqlproj", "{BB1EC2E1-FFC2-4B19-A17B-199B95C5F2A3}"
EndProject
Project("{9A19103F-16F7-4668-BE54-9A1E7A4F7556}") = "DataLibrary", "DataLibrary\DataLibrary.csproj", "{A18108BA-D87C-4F89-AC6B-4145A9BF1AA6}"
EndProject
Global
	GlobalSection(SolutionConfigurationPlatforms) = preSolution
		Debug|Any CPU = Debug|Any CPU
		Release|Any CPU = Release|Any CPU
	EndGlobalSection
	GlobalSection(ProjectConfigurationPlatforms) = postSolution
		{475ECD6E-D4EF-4559-B5EB-A7DCC77A4131}.Debug|Any CPU.ActiveCfg = Debug|Any CPU
		{475ECD6E-D4EF-4559-B5EB-A7DCC77A4131}.Debug|Any CPU.Build.0 = Debug|Any CPU
		{475ECD6E-D4EF-4559-B5EB-A7DCC77A4131}.Release|Any CPU.ActiveCfg = Release|Any CPU
		{475ECD6E-D4EF-4559-B5EB-A7DCC77A4131}.Release|Any CPU.Build.0 = Release|Any CPU
		{BB1EC2E1-FFC2-4B19-A17B-199B95C5F2A3}.Debug|Any CPU.ActiveCfg = Debug|Any CPU
		{BB1EC2E1-FFC2-4B19-A17B-199B95C5F2A3}.Debug|Any CPU.Build.0 = Debug|Any CPU
		{BB1EC2E1-FFC2-4B19-A17B-199B95C5F2A3}.Debug|Any CPU.Deploy.0 = Debug|Any CPU
		{BB1EC2E1-FFC2-4B19-A17B-199B95C5F2A3}.Release|Any CPU.ActiveCfg = Release|Any CPU
		{BB1EC2E1-FFC2-4B19-A17B-199B95C5F2A3}.Release|Any CPU.Build.0 = Release|Any CPU
		{BB1EC2E1-FFC2-4B19-A17B-199B95C5F2A3}.Release|Any CPU.Deploy.0 = Release|Any CPU
		{A18108BA-D87C-4F89-AC6B-4145A9BF1AA6}.Debug|Any CPU.ActiveCfg = Debug|Any CPU
		{A18108BA-D87C-4F89-AC6B-4145A9BF1AA6}.Debug|Any CPU.Build.0 = Debug|Any CPU
		{A18108BA-D87C-4F89-AC6B-4145A9BF1AA6}.Release|Any CPU.ActiveCfg = Release|Any CPU
		{A18108BA-D87C-4F89-AC6B-4145A9BF1AA6}.Release|Any CPU.Build.0 = Release|Any CPU
	EndGlobalSection
	GlobalSection(SolutionProperties) = preSolution
		HideSolutionNode = FALSE
	EndGlobalSection
	GlobalSection(ExtensibilityGlobals) = postSolution
		SolutionGuid = {621F1203-43AC-4F35-9E42-45E667345F2F}
	EndGlobalSection
EndGlobal
